
Microsoft Visual Studio Solution File, Format Version 12.00
# Visual Studio Version 16
VisualStudioVersion = 16.0.29509.3
MinimumVisualStudioVersion = 10.0.40219.1
Project("{FAE04EC0-301F-11D3-BF4B-00C04F79EFBC}") = "LuaCS", "LuaCS.csproj", "{B1711C2B-9D22-4C6A-A1C9-CC5F0B0CF231}"
EndProject
Global
	GlobalSection(SolutionConfigurationPlatforms) = preSolution
		Debug|Any CPU = Debug|Any CPU
		Release|Any CPU = Release|Any CPU
	EndGlobalSection
	GlobalSection(ProjectConfigurationPlatforms) = postSolution
		{B1711C2B-9D22-4C6A-A1C9-CC5F0B0CF231}.Debug|Any CPU.ActiveCfg = Debug|Any CPU
		{B1711C2B-9D22-4C6A-A1C9-CC5F0B0CF231}.Debug|Any CPU.Build.0 = Debug|Any CPU
		{B1711C2B-9D22-4C6A-A1C9-CC5F0B0CF231}.Release|Any CPU.ActiveCfg = Release|Any CPU
		{B1711C2B-9D22-4C6A-A1C9-CC5F0B0CF231}.Release|Any CPU.Build.0 = Release|Any CPU
	EndGlobalSection
	GlobalSection(SolutionProperties) = preSolution
		HideSolutionNode = FALSE
	EndGlobalSection
	GlobalSection(ExtensibilityGlobals) = postSolution
		SolutionGuid = {7C5CB560-CDF1-458F-BAC4-76B44BFAE3D9}
	EndGlobalSection
EndGlobal
